
Microsoft Visual Studio Solution File, Format Version 12.00
# Visual Studio Version 17
VisualStudioVersion = 17.5.2.0
MinimumVisualStudioVersion = 10.0.40219.1
Project("{FAE04EC0-301F-11D3-BF4B-00C04F79EFBC}") = "ExemploFundamentos", "ExemploFundamentos.csproj", "{96296412-B0D7-4EF8-ABE4-DB2398B7C759}"
EndProject
Global
	GlobalSection(SolutionConfigurationPlatforms) = preSolution
		Debug|Any CPU = Debug|Any CPU
		Debug|x64 = Debug|x64
		Debug|x86 = Debug|x86
		Release|Any CPU = Release|Any CPU
		Release|x64 = Release|x64
		Release|x86 = Release|x86
	EndGlobalSection
	GlobalSection(ProjectConfigurationPlatforms) = postSolution
		{96296412-B0D7-4EF8-ABE4-DB2398B7C759}.Debug|Any CPU.ActiveCfg = Debug|Any CPU
		{96296412-B0D7-4EF8-ABE4-DB2398B7C759}.Debug|Any CPU.Build.0 = Debug|Any CPU
		{96296412-B0D7-4EF8-ABE4-DB2398B7C759}.Debug|x64.ActiveCfg = Debug|Any CPU
		{96296412-B0D7-4EF8-ABE4-DB2398B7C759}.Debug|x64.Build.0 = Debug|Any CPU
		{96296412-B0D7-4EF8-ABE4-DB2398B7C759}.Debug|x86.ActiveCfg = Debug|Any CPU
		{96296412-B0D7-4EF8-ABE4-DB2398B7C759}.Debug|x86.Build.0 = Debug|Any CPU
		{96296412-B0D7-4EF8-ABE4-DB2398B7C759}.Release|Any CPU.ActiveCfg = Release|Any CPU
		{96296412-B0D7-4EF8-ABE4-DB2398B7C759}.Release|Any CPU.Build.0 = Release|Any CPU
		{96296412-B0D7-4EF8-ABE4-DB2398B7C759}.Release|x64.ActiveCfg = Release|Any CPU
		{96296412-B0D7-4EF8-ABE4-DB2398B7C759}.Release|x64.Build.0 = Release|Any CPU
		{96296412-B0D7-4EF8-ABE4-DB2398B7C759}.Release|x86.ActiveCfg = Release|Any CPU
		{96296412-B0D7-4EF8-ABE4-DB2398B7C759}.Release|x86.Build.0 = Release|Any CPU
	EndGlobalSection
	GlobalSection(SolutionProperties) = preSolution
		HideSolutionNode = FALSE
	EndGlobalSection
	GlobalSection(ExtensibilityGlobals) = postSolution
		SolutionGuid = {24C12C7B-BEE4-44B9-BFCD-931B0CC4E193}
	EndGlobalSection
EndGlobal
